
Microsoft Visual Studio Solution File, Format Version 12.00
# Visual Studio 15
VisualStudioVersion = 15.0.27428.2011
MinimumVisualStudioVersion = 10.0.40219.1
Project("{6EC3EE1D-3C4E-46DD-8F32-0CC8E7565705}") = "Client", "src\Client\Client.fsproj", "{63C1D3A9-F059-42F3-83D1-5E0427C425BF}"
EndProject
Project("{6EC3EE1D-3C4E-46DD-8F32-0CC8E7565705}") = "Server", "src\Server\Server.fsproj", "{EF710CB1-9F64-4EBD-8ECB-3DBC15D29F08}"
EndProject
Project("{2150E333-8FDC-42A3-9474-1A3956D46DE8}") = "Solution Items", "Solution Items", "{B3FBC7FF-4F62-4589-9FCF-5D2549FB67C7}"
	ProjectSection(SolutionItems) = preProject
		build.fsx = build.fsx
		Instructions.md = Instructions.md
		package.json = package.json
		paket.dependencies = paket.dependencies
		paket.lock = paket.lock
	EndProjectSection
EndProject
Global
	GlobalSection(SolutionConfigurationPlatforms) = preSolution
		Debug|Any CPU = Debug|Any CPU
		Release|Any CPU = Release|Any CPU
	EndGlobalSection
	GlobalSection(ProjectConfigurationPlatforms) = postSolution
		{63C1D3A9-F059-42F3-83D1-5E0427C425BF}.Debug|Any CPU.ActiveCfg = Debug|Any CPU
		{63C1D3A9-F059-42F3-83D1-5E0427C425BF}.Debug|Any CPU.Build.0 = Debug|Any CPU
		{63C1D3A9-F059-42F3-83D1-5E0427C425BF}.Release|Any CPU.ActiveCfg = Release|Any CPU
		{63C1D3A9-F059-42F3-83D1-5E0427C425BF}.Release|Any CPU.Build.0 = Release|Any CPU
		{EF710CB1-9F64-4EBD-8ECB-3DBC15D29F08}.Debug|Any CPU.ActiveCfg = Debug|Any CPU
		{EF710CB1-9F64-4EBD-8ECB-3DBC15D29F08}.Debug|Any CPU.Build.0 = Debug|Any CPU
		{EF710CB1-9F64-4EBD-8ECB-3DBC15D29F08}.Release|Any CPU.ActiveCfg = Release|Any CPU
		{EF710CB1-9F64-4EBD-8ECB-3DBC15D29F08}.Release|Any CPU.Build.0 = Release|Any CPU
	EndGlobalSection
	GlobalSection(SolutionProperties) = preSolution
		HideSolutionNode = FALSE
	EndGlobalSection
	GlobalSection(ExtensibilityGlobals) = postSolution
		SolutionGuid = {01DF2D0D-54D7-4F0E-86F5-039B41841783}
	EndGlobalSection
EndGlobal
