
Microsoft Visual Studio Solution File, Format Version 12.00
# Visual Studio 15
VisualStudioVersion = 15.0.27004.2005
MinimumVisualStudioVersion = 10.0.40219.1
Project("{6EC3EE1D-3C4E-46DD-8F32-0CC8E7565705}") = "Client", "Client\Client.fsproj", "{73E8E820-C8AA-47CC-BB2B-152CA4D0B855}"
EndProject
Project("{6EC3EE1D-3C4E-46DD-8F32-0CC8E7565705}") = "Server", "Server\Server.fsproj", "{73E8E820-C8AA-47CC-BB2B-152CA4D0B856}"
EndProject
Global
	GlobalSection(SolutionConfigurationPlatforms) = preSolution
		Debug|Any CPU = Debug|Any CPU
		Release|Any CPU = Release|Any CPU
	EndGlobalSection
	GlobalSection(ProjectConfigurationPlatforms) = postSolution
		{73E8E820-C8AA-47CC-BB2B-152CA4D0B855}.Debug|Any CPU.ActiveCfg = Debug|Any CPU
		{73E8E820-C8AA-47CC-BB2B-152CA4D0B855}.Debug|Any CPU.Build.0 = Debug|Any CPU
		{73E8E820-C8AA-47CC-BB2B-152CA4D0B855}.Release|Any CPU.ActiveCfg = Release|Any CPU
		{73E8E820-C8AA-47CC-BB2B-152CA4D0B855}.Release|Any CPU.Build.0 = Release|Any CPU
	EndGlobalSection
	GlobalSection(ProjectConfigurationPlatforms) = postSolution
		{73E8E820-C8AA-47CC-BB2B-152CA4D0B856}.Debug|Any CPU.ActiveCfg = Debug|Any CPU
		{73E8E820-C8AA-47CC-BB2B-152CA4D0B856}.Debug|Any CPU.Build.0 = Debug|Any CPU
		{73E8E820-C8AA-47CC-BB2B-152CA4D0B856}.Release|Any CPU.ActiveCfg = Release|Any CPU
		{73E8E820-C8AA-47CC-BB2B-152CA4D0B856}.Release|Any CPU.Build.0 = Release|Any CPU
	EndGlobalSection
	GlobalSection(SolutionProperties) = preSolution
		HideSolutionNode = FALSE
	EndGlobalSection
	GlobalSection(ExtensibilityGlobals) = postSolution
		SolutionGuid = {7A0AA30E-4CD9-4359-9513-BA68E2E85245}
	EndGlobalSection
EndGlobal
